{
  "name": "react-video-chapters-example",
  "version": "0.0.0",
  "lockfileVersion": 2,
  "requires": true,
  "packages": {
    "": {
      "name": "react-video-chapters-example",
      "version": "0.0.0",
      "dependencies": {
        "react": "file:../node_modules/react",
        "react-dom": "file:../node_modules/react-dom",
        "react-scripts": "file:../node_modules/react-scripts",
        "react-video-chapters": "file:.."
      }
    },
    "..": {
      "version": "1.0.1",
      "license": "MIT",
      "dependencies": {
        "node-sass": "^7.0.1",
        "postcss-flexbugs-fixes": "^5.0.2",
        "postcss-normalize": "^10.0.1",
        "postcss-preset-env": "^7.4.0"
      },
      "devDependencies": {
        "babel-eslint": "^10.1.0",
        "cross-env": "^7.0.3",
        "eslint": "^8.9.0",
        "eslint-config-prettier": "^8.3.0",
        "eslint-plugin-import": "^2.25.4",
        "eslint-plugin-node": "^11.1.0",
        "eslint-plugin-prettier": "^3.4.0",
        "eslint-plugin-promise": "^6.0.0",
        "eslint-plugin-react": "^7.28.0",
        "eslint-plugin-standard": "^5.0.0",
        "gh-pages": "^3.2.3",
        "microbundle-crl": "^0.13.11",
        "npm-run-all": "^4.1.5",
        "nth-check": "2.0.1",
        "prettier": "^2.5.1",
        "react": "^17.0.2",
        "react-dom": "^17.0.2",
        "react-scripts": "^5.0.0"
      },
      "engines": {
        "node": ">=10"
      },
      "peerDependencies": {
        "react": "^17.0.2"
      }
    },
    "../node_modules/react": {
      "version": "17.0.2",
      "license": "MIT",
      "dependencies": {
        "loose-envify": "^1.1.0",
        "object-assign": "^4.1.1"
      },
      "engines": {
        "node": ">=0.10.0"
      }
    },
    "../node_modules/react-dom": {
      "version": "17.0.2",
      "license": "MIT",
      "dependencies": {
        "loose-envify": "^1.1.0",
        "object-assign": "^4.1.1",
        "scheduler": "^0.20.2"
      },
      "peerDependencies": {
        "react": "17.0.2"
      }
    },
    "../node_modules/react-scripts": {
      "version": "5.0.0",
      "license": "MIT",
      "dependencies": {
        "@babel/core": "^7.16.0",
        "@pmmmwh/react-refresh-webpack-plugin": "^0.5.3",
        "@svgr/webpack": "^5.5.0",
        "babel-jest": "^27.4.2",
        "babel-loader": "^8.2.3",
        "babel-plugin-named-asset-import": "^0.3.8",
        "babel-preset-react-app": "^10.0.1",
        "bfj": "^7.0.2",
        "browserslist": "^4.18.1",
        "camelcase": "^6.2.1",
        "case-sensitive-paths-webpack-plugin": "^2.4.0",
        "css-loader": "^6.5.1",
        "css-minimizer-webpack-plugin": "^3.2.0",
        "dotenv": "^10.0.0",
        "dotenv-expand": "^5.1.0",
        "eslint": "^8.3.0",
        "eslint-config-react-app": "^7.0.0",
        "eslint-webpack-plugin": "^3.1.1",
        "file-loader": "^6.2.0",
        "fs-extra": "^10.0.0",
        "html-webpack-plugin": "^5.5.0",
        "identity-obj-proxy": "^3.0.0",
        "jest": "^27.4.3",
        "jest-resolve": "^27.4.2",
        "jest-watch-typeahead": "^1.0.0",
        "mini-css-extract-plugin": "^2.4.5",
        "postcss": "^8.4.4",
        "postcss-flexbugs-fixes": "^5.0.2",
        "postcss-loader": "^6.2.1",
        "postcss-normalize": "^10.0.1",
        "postcss-preset-env": "^7.0.1",
        "prompts": "^2.4.2",
        "react-app-polyfill": "^3.0.0",
        "react-dev-utils": "^12.0.0",
        "react-refresh": "^0.11.0",
        "resolve": "^1.20.0",
        "resolve-url-loader": "^4.0.0",
        "sass-loader": "^12.3.0",
        "semver": "^7.3.5",
        "source-map-loader": "^3.0.0",
        "style-loader": "^3.3.1",
        "tailwindcss": "^3.0.2",
        "terser-webpack-plugin": "^5.2.5",
        "webpack": "^5.64.4",
        "webpack-dev-server": "^4.6.0",
        "webpack-manifest-plugin": "^4.0.2",
        "workbox-webpack-plugin": "^6.4.1"
      },
      "bin": {
        "react-scripts": "bin/react-scripts.js"
      },
      "engines": {
        "node": ">=14.0.0"
      },
      "optionalDependencies": {
        "fsevents": "^2.3.2"
      },
      "peerDependencies": {
        "react": ">= 16",
        "typescript": "^3.2.1 || ^4"
      },
      "peerDependenciesMeta": {
        "typescript": {
          "optional": true
        }
      }
    },
    "node_modules/react": {
      "resolved": "../node_modules/react",
      "link": true
    },
    "node_modules/react-dom": {
      "resolved": "../node_modules/react-dom",
      "link": true
    },
    "node_modules/react-scripts": {
      "resolved": "../node_modules/react-scripts",
      "link": true
    },
    "node_modules/react-video-chapters": {
      "resolved": "..",
      "link": true
    }
  },
  "dependencies": {
    "react": {
      "version": "file:../node_modules/react",
      "requires": {
        "loose-envify": "^1.1.0",
        "object-assign": "^4.1.1"
      }
    },
    "react-dom": {
      "version": "file:../node_modules/react-dom",
      "requires": {
        "loose-envify": "^1.1.0",
        "object-assign": "^4.1.1",
        "scheduler": "^0.20.2"
      }
    },
    "react-scripts": {
      "version": "file:../node_modules/react-scripts",
      "requires": {
        "@babel/core": "^7.16.0",
        "@pmmmwh/react-refresh-webpack-plugin": "^0.5.3",
        "@svgr/webpack": "^5.5.0",
        "babel-jest": "^27.4.2",
        "babel-loader": "^8.2.3",
        "babel-plugin-named-asset-import": "^0.3.8",
        "babel-preset-react-app": "^10.0.1",
        "bfj": "^7.0.2",
        "browserslist": "^4.18.1",
        "camelcase": "^6.2.1",
        "case-sensitive-paths-webpack-plugin": "^2.4.0",
        "css-loader": "^6.5.1",
        "css-minimizer-webpack-plugin": "^3.2.0",
        "dotenv": "^10.0.0",
        "dotenv-expand": "^5.1.0",
        "eslint": "^8.3.0",
        "eslint-config-react-app": "^7.0.0",
        "eslint-webpack-plugin": "^3.1.1",
        "file-loader": "^6.2.0",
        "fs-extra": "^10.0.0",
        "fsevents": "^2.3.2",
        "html-webpack-plugin": "^5.5.0",
        "identity-obj-proxy": "^3.0.0",
        "jest": "^27.4.3",
        "jest-resolve": "^27.4.2",
        "jest-watch-typeahead": "^1.0.0",
        "mini-css-extract-plugin": "^2.4.5",
        "postcss": "^8.4.4",
        "postcss-flexbugs-fixes": "^5.0.2",
        "postcss-loader": "^6.2.1",
        "postcss-normalize": "^10.0.1",
        "postcss-preset-env": "^7.0.1",
        "prompts": "^2.4.2",
        "react-app-polyfill": "^3.0.0",
        "react-dev-utils": "^12.0.0",
        "react-refresh": "^0.11.0",
        "resolve": "^1.20.0",
        "resolve-url-loader": "^4.0.0",
        "sass-loader": "^12.3.0",
        "semver": "^7.3.5",
        "source-map-loader": "^3.0.0",
        "style-loader": "^3.3.1",
        "tailwindcss": "^3.0.2",
        "terser-webpack-plugin": "^5.2.5",
        "webpack": "^5.64.4",
        "webpack-dev-server": "^4.6.0",
        "webpack-manifest-plugin": "^4.0.2",
        "workbox-webpack-plugin": "^6.4.1"
      }
    },
    "react-video-chapters": {
      "version": "file:..",
      "requires": {
        "babel-eslint": "^10.1.0",
        "cross-env": "^7.0.3",
        "eslint": "^8.9.0",
        "eslint-config-prettier": "^8.3.0",
        "eslint-plugin-import": "^2.25.4",
        "eslint-plugin-node": "^11.1.0",
        "eslint-plugin-prettier": "^3.4.0",
        "eslint-plugin-promise": "^6.0.0",
        "eslint-plugin-react": "^7.28.0",
        "eslint-plugin-standard": "^5.0.0",
        "gh-pages": "^3.2.3",
        "microbundle-crl": "^0.13.11",
        "node-sass": "^7.0.1",
        "npm-run-all": "^4.1.5",
        "nth-check": "2.0.1",
        "postcss-flexbugs-fixes": "^5.0.2",
        "postcss-normalize": "^10.0.1",
        "postcss-preset-env": "^7.4.0",
        "prettier": "^2.5.1",
        "react": "^17.0.2",
        "react-dom": "^17.0.2",
        "react-scripts": "^5.0.0"
      },
      "dependencies": {
        "react": {
          "version": "17.0.2",
          "requires": {
            "loose-envify": "^1.1.0",
            "object-assign": "^4.1.1"
          }
        },
        "react-dom": {
          "version": "17.0.2",
          "requires": {
            "loose-envify": "^1.1.0",
            "object-assign": "^4.1.1",
            "scheduler": "^0.20.2"
          }
        },
        "react-scripts": {
          "version": "5.0.0",
          "requires": {
            "@babel/core": "^7.16.0",
            "@pmmmwh/react-refresh-webpack-plugin": "^0.5.3",
            "@svgr/webpack": "^5.5.0",
            "babel-jest": "^27.4.2",
            "babel-loader": "^8.2.3",
            "babel-plugin-named-asset-import": "^0.3.8",
            "babel-preset-react-app": "^10.0.1",
            "bfj": "^7.0.2",
            "browserslist": "^4.18.1",
            "camelcase": "^6.2.1",
            "case-sensitive-paths-webpack-plugin": "^2.4.0",
            "css-loader": "^6.5.1",
            "css-minimizer-webpack-plugin": "^3.2.0",
            "dotenv": "^10.0.0",
            "dotenv-expand": "^5.1.0",
            "eslint": "^8.3.0",
            "eslint-config-react-app": "^7.0.0",
            "eslint-webpack-plugin": "^3.1.1",
            "file-loader": "^6.2.0",
            "fs-extra": "^10.0.0",
            "fsevents": "^2.3.2",
            "html-webpack-plugin": "^5.5.0",
            "identity-obj-proxy": "^3.0.0",
            "jest": "^27.4.3",
            "jest-resolve": "^27.4.2",
            "jest-watch-typeahead": "^1.0.0",
            "mini-css-extract-plugin": "^2.4.5",
            "postcss": "^8.4.4",
            "postcss-flexbugs-fixes": "^5.0.2",
            "postcss-loader": "^6.2.1",
            "postcss-normalize": "^10.0.1",
            "postcss-preset-env": "^7.0.1",
            "prompts": "^2.4.2",
            "react-app-polyfill": "^3.0.0",
            "react-dev-utils": "^12.0.0",
            "react-refresh": "^0.11.0",
            "resolve": "^1.20.0",
            "resolve-url-loader": "^4.0.0",
            "sass-loader": "^12.3.0",
            "semver": "^7.3.5",
            "source-map-loader": "^3.0.0",
            "style-loader": "^3.3.1",
            "tailwindcss": "^3.0.2",
            "terser-webpack-plugin": "^5.2.5",
            "webpack": "^5.64.4",
            "webpack-dev-server": "^4.6.0",
            "webpack-manifest-plugin": "^4.0.2",
            "workbox-webpack-plugin": "^6.4.1"
          }
        }
      }
    }
  }
}
